
Microsoft Visual Studio Solution File, Format Version 12.00
# Visual Studio 15
VisualStudioVersion = 15.0.27130.2020
MinimumVisualStudioVersion = 10.0.40219.1
Project("{2150E333-8FDC-42A3-9474-1A3956D46DE8}") = "Domain.RentalInventory", "Domain.RentalInventory", "{C7124807-7F91-40C9-A899-352CF4752043}"
EndProject
Project("{9A19103F-16F7-4668-BE54-9A1E7A4F7556}") = "Domain.RentalInventory", "Domain.RentalInventory\Domain.RentalInventory.csproj", "{70299534-6AB3-4E2C-9963-039F7B751408}"
EndProject
Project("{FAE04EC0-301F-11D3-BF4B-00C04F79EFBC}") = "Domain.RentalInventory.UnitTests", "Domain.RentalInventory.UnitTests\Domain.RentalInventory.UnitTests.csproj", "{D3F60D9B-4785-4C06-9A07-CD4DB23C807C}"
EndProject
Global
	GlobalSection(SolutionConfigurationPlatforms) = preSolution
		Debug|Any CPU = Debug|Any CPU
		Release|Any CPU = Release|Any CPU
	EndGlobalSection
	GlobalSection(ProjectConfigurationPlatforms) = postSolution
		{70299534-6AB3-4E2C-9963-039F7B751408}.Debug|Any CPU.ActiveCfg = Debug|Any CPU
		{70299534-6AB3-4E2C-9963-039F7B751408}.Debug|Any CPU.Build.0 = Debug|Any CPU
		{70299534-6AB3-4E2C-9963-039F7B751408}.Release|Any CPU.ActiveCfg = Release|Any CPU
		{70299534-6AB3-4E2C-9963-039F7B751408}.Release|Any CPU.Build.0 = Release|Any CPU
		{D3F60D9B-4785-4C06-9A07-CD4DB23C807C}.Debug|Any CPU.ActiveCfg = Debug|Any CPU
		{D3F60D9B-4785-4C06-9A07-CD4DB23C807C}.Debug|Any CPU.Build.0 = Debug|Any CPU
		{D3F60D9B-4785-4C06-9A07-CD4DB23C807C}.Release|Any CPU.ActiveCfg = Release|Any CPU
		{D3F60D9B-4785-4C06-9A07-CD4DB23C807C}.Release|Any CPU.Build.0 = Release|Any CPU
	EndGlobalSection
	GlobalSection(SolutionProperties) = preSolution
		HideSolutionNode = FALSE
	EndGlobalSection
	GlobalSection(NestedProjects) = preSolution
		{70299534-6AB3-4E2C-9963-039F7B751408} = {C7124807-7F91-40C9-A899-352CF4752043}
		{D3F60D9B-4785-4C06-9A07-CD4DB23C807C} = {C7124807-7F91-40C9-A899-352CF4752043}
	EndGlobalSection
	GlobalSection(ExtensibilityGlobals) = postSolution
		SolutionGuid = {FCA32F63-5A74-4DF4-8156-04B22DC4D5B8}
	EndGlobalSection
EndGlobal
